PODS:
  - IQKeyboardManagerSwift (5.0.7)
  - TwicketSegmentedControl (0.1.2)

DEPENDENCIES:
  - IQKeyboardManagerSwift
  - TwicketSegmentedControl

SPEC CHECKSUMS:
  IQKeyboardManagerSwift: 30fb3a61de1af53a95e02b80fb54ed0a19d5ede5
  TwicketSegmentedControl: 6d7a4cf243657e0ac3f00d06d873a25334c04042

PODFILE CHECKSUM: 601f2ea7926b40d0e80da79c8a83e39652743d04

COCOAPODS: 1.4.0
