PODS:
  - IQKeyboardManagerSwift (5.0.7)
  - SwiftInstagram (1.1.0):
    - SwiftInstagram/Core (= 1.1.0)
  - SwiftInstagram/Core (1.1.0)
  - TBDropdownMenu (3.0.1)
  - TwicketSegmentedControl (0.1.2)

DEPENDENCIES:
  - IQKeyboardManagerSwift
  - SwiftInstagram
  - TBDropdownMenu
  - TwicketSegmentedControl

SPEC CHECKSUMS:
  IQKeyboardManagerSwift: 30fb3a61de1af53a95e02b80fb54ed0a19d5ede5
  SwiftInstagram: 90d5c143d8ebe1c790e06a138b8da3c8f2a9ba16
  TBDropdownMenu: 249cd68a53289c32c600a292c568428d4f5cd613
  TwicketSegmentedControl: 6d7a4cf243657e0ac3f00d06d873a25334c04042

PODFILE CHECKSUM: 54cb47bf47f612a1a821e8ca3f8d68e9bba094d7

COCOAPODS: 1.4.0
